
Microsoft Visual Studio Solution File, Format Version 12.00
# Visual Studio Version 16
VisualStudioVersion = 16.0.29123.88
MinimumVisualStudioVersion = 10.0.40219.1
Project("{FAE04EC0-301F-11D3-BF4B-00C04F79EFBC}") = "DNAcode", "DNAcode\DNAcode.csproj", "{D5F83B8B-68E7-4430-A268-248FF99FB648}"
EndProject
Global
	GlobalSection(SolutionConfigurationPlatforms) = preSolution
		Debug|Any CPU = Debug|Any CPU
		Release|Any CPU = Release|Any CPU
	EndGlobalSection
	GlobalSection(ProjectConfigurationPlatforms) = postSolution
		{D5F83B8B-68E7-4430-A268-248FF99FB648}.Debug|Any CPU.ActiveCfg = Debug|Any CPU
		{D5F83B8B-68E7-4430-A268-248FF99FB648}.Debug|Any CPU.Build.0 = Debug|Any CPU
		{D5F83B8B-68E7-4430-A268-248FF99FB648}.Release|Any CPU.ActiveCfg = Release|Any CPU
		{D5F83B8B-68E7-4430-A268-248FF99FB648}.Release|Any CPU.Build.0 = Release|Any CPU
	EndGlobalSection
	GlobalSection(SolutionProperties) = preSolution
		HideSolutionNode = FALSE
	EndGlobalSection
	GlobalSection(ExtensibilityGlobals) = postSolution
		SolutionGuid = {9E9B5325-ACA6-4BA1-9663-C91BB8E3F4B2}
	EndGlobalSection
EndGlobal
