
Microsoft Visual Studio Solution File, Format Version 12.00
# Visual Studio Version 16
VisualStudioVersion = 16.0.29123.88
MinimumVisualStudioVersion = 10.0.40219.1
Project("{FAE04EC0-301F-11D3-BF4B-00C04F79EFBC}") = "WebQSort", "WebQSort\WebQSort.csproj", "{C3B75003-1BC3-497F-BD80-23D6EE070B27}"
EndProject
Global
	GlobalSection(SolutionConfigurationPlatforms) = preSolution
		Debug|Any CPU = Debug|Any CPU
		Release|Any CPU = Release|Any CPU
	EndGlobalSection
	GlobalSection(ProjectConfigurationPlatforms) = postSolution
		{C3B75003-1BC3-497F-BD80-23D6EE070B27}.Debug|Any CPU.ActiveCfg = Debug|Any CPU
		{C3B75003-1BC3-497F-BD80-23D6EE070B27}.Debug|Any CPU.Build.0 = Debug|Any CPU
		{C3B75003-1BC3-497F-BD80-23D6EE070B27}.Release|Any CPU.ActiveCfg = Release|Any CPU
		{C3B75003-1BC3-497F-BD80-23D6EE070B27}.Release|Any CPU.Build.0 = Release|Any CPU
	EndGlobalSection
	GlobalSection(SolutionProperties) = preSolution
		HideSolutionNode = FALSE
	EndGlobalSection
	GlobalSection(ExtensibilityGlobals) = postSolution
		SolutionGuid = {54B047EB-91D1-4730-8B90-5F3AF9FBBC01}
	EndGlobalSection
EndGlobal
